
Microsoft Visual Studio Solution File, Format Version 12.00
# Visual Studio 15
VisualStudioVersion = 15.0.26124.0
MinimumVisualStudioVersion = 15.0.26124.0
Project("{9A19103F-16F7-4668-BE54-9A1E7A4F7556}") = "LA.Domain", "src\LA.Domain\LA.Domain.csproj", "{384FA046-0073-4175-9E1D-E9F3069BAA86}"
EndProject
Project("{2150E333-8FDC-42A3-9474-1A3956D46DE8}") = "src", "src", "{FCA91653-13F1-4192-8DC0-A86161D46C7C}"
EndProject
Project("{2150E333-8FDC-42A3-9474-1A3956D46DE8}") = "test", "test", "{544E4130-9812-46D3-9797-EB813AFBF101}"
EndProject
Project("{9A19103F-16F7-4668-BE54-9A1E7A4F7556}") = "LA.Services", "src\LA.Services\LA.Services.csproj", "{B53322BB-EB33-4043-BF8E-CBE3B73CBBEC}"
EndProject
Project("{9A19103F-16F7-4668-BE54-9A1E7A4F7556}") = "LA.WebApi", "src\LA.WebApi\LA.WebApi.csproj", "{A2DC47DD-3F53-4C84-9F62-EB47B2D7A226}"
EndProject
Project("{9A19103F-16F7-4668-BE54-9A1E7A4F7556}") = "LA.Services.Tests.Unit", "test\LA.Services.Tests.Unit\LA.Services.Tests.Unit.csproj", "{EF733BD9-9E7D-49A9-82F6-3238DD6BF9BA}"
EndProject
Project("{9A19103F-16F7-4668-BE54-9A1E7A4F7556}") = "LA.WebApi.Tests.Unit", "test\LA.WebApi.Tests.Unit\LA.WebApi.Tests.Unit.csproj", "{F336512E-B48E-488F-B403-938E728D4196}"
EndProject
Project("{2150E333-8FDC-42A3-9474-1A3956D46DE8}") = "data", "data", "{056DD017-2F57-419E-952A-30751074F08D}"
	ProjectSection(SolutionItems) = preProject
		numbers.csv = numbers.csv
	EndProjectSection
EndProject
Global
	GlobalSection(SolutionConfigurationPlatforms) = preSolution
		Debug|Any CPU = Debug|Any CPU
		Debug|x64 = Debug|x64
		Debug|x86 = Debug|x86
		Release|Any CPU = Release|Any CPU
		Release|x64 = Release|x64
		Release|x86 = Release|x86
	EndGlobalSection
	GlobalSection(ProjectConfigurationPlatforms) = postSolution
		{384FA046-0073-4175-9E1D-E9F3069BAA86}.Debug|Any CPU.ActiveCfg = Debug|Any CPU
		{384FA046-0073-4175-9E1D-E9F3069BAA86}.Debug|Any CPU.Build.0 = Debug|Any CPU
		{384FA046-0073-4175-9E1D-E9F3069BAA86}.Debug|x64.ActiveCfg = Debug|Any CPU
		{384FA046-0073-4175-9E1D-E9F3069BAA86}.Debug|x64.Build.0 = Debug|Any CPU
		{384FA046-0073-4175-9E1D-E9F3069BAA86}.Debug|x86.ActiveCfg = Debug|Any CPU
		{384FA046-0073-4175-9E1D-E9F3069BAA86}.Debug|x86.Build.0 = Debug|Any CPU
		{384FA046-0073-4175-9E1D-E9F3069BAA86}.Release|Any CPU.ActiveCfg = Release|Any CPU
		{384FA046-0073-4175-9E1D-E9F3069BAA86}.Release|Any CPU.Build.0 = Release|Any CPU
		{384FA046-0073-4175-9E1D-E9F3069BAA86}.Release|x64.ActiveCfg = Release|Any CPU
		{384FA046-0073-4175-9E1D-E9F3069BAA86}.Release|x64.Build.0 = Release|Any CPU
		{384FA046-0073-4175-9E1D-E9F3069BAA86}.Release|x86.ActiveCfg = Release|Any CPU
		{384FA046-0073-4175-9E1D-E9F3069BAA86}.Release|x86.Build.0 = Release|Any CPU
		{B53322BB-EB33-4043-BF8E-CBE3B73CBBEC}.Debug|Any CPU.ActiveCfg = Debug|Any CPU
		{B53322BB-EB33-4043-BF8E-CBE3B73CBBEC}.Debug|Any CPU.Build.0 = Debug|Any CPU
		{B53322BB-EB33-4043-BF8E-CBE3B73CBBEC}.Debug|x64.ActiveCfg = Debug|Any CPU
		{B53322BB-EB33-4043-BF8E-CBE3B73CBBEC}.Debug|x64.Build.0 = Debug|Any CPU
		{B53322BB-EB33-4043-BF8E-CBE3B73CBBEC}.Debug|x86.ActiveCfg = Debug|Any CPU
		{B53322BB-EB33-4043-BF8E-CBE3B73CBBEC}.Debug|x86.Build.0 = Debug|Any CPU
		{B53322BB-EB33-4043-BF8E-CBE3B73CBBEC}.Release|Any CPU.ActiveCfg = Release|Any CPU
		{B53322BB-EB33-4043-BF8E-CBE3B73CBBEC}.Release|Any CPU.Build.0 = Release|Any CPU
		{B53322BB-EB33-4043-BF8E-CBE3B73CBBEC}.Release|x64.ActiveCfg = Release|Any CPU
		{B53322BB-EB33-4043-BF8E-CBE3B73CBBEC}.Release|x64.Build.0 = Release|Any CPU
		{B53322BB-EB33-4043-BF8E-CBE3B73CBBEC}.Release|x86.ActiveCfg = Release|Any CPU
		{B53322BB-EB33-4043-BF8E-CBE3B73CBBEC}.Release|x86.Build.0 = Release|Any CPU
		{A2DC47DD-3F53-4C84-9F62-EB47B2D7A226}.Debug|Any CPU.ActiveCfg = Debug|Any CPU
		{A2DC47DD-3F53-4C84-9F62-EB47B2D7A226}.Debug|Any CPU.Build.0 = Debug|Any CPU
		{A2DC47DD-3F53-4C84-9F62-EB47B2D7A226}.Debug|x64.ActiveCfg = Debug|Any CPU
		{A2DC47DD-3F53-4C84-9F62-EB47B2D7A226}.Debug|x64.Build.0 = Debug|Any CPU
		{A2DC47DD-3F53-4C84-9F62-EB47B2D7A226}.Debug|x86.ActiveCfg = Debug|Any CPU
		{A2DC47DD-3F53-4C84-9F62-EB47B2D7A226}.Debug|x86.Build.0 = Debug|Any CPU
		{A2DC47DD-3F53-4C84-9F62-EB47B2D7A226}.Release|Any CPU.ActiveCfg = Release|Any CPU
		{A2DC47DD-3F53-4C84-9F62-EB47B2D7A226}.Release|Any CPU.Build.0 = Release|Any CPU
		{A2DC47DD-3F53-4C84-9F62-EB47B2D7A226}.Release|x64.ActiveCfg = Release|Any CPU
		{A2DC47DD-3F53-4C84-9F62-EB47B2D7A226}.Release|x64.Build.0 = Release|Any CPU
		{A2DC47DD-3F53-4C84-9F62-EB47B2D7A226}.Release|x86.ActiveCfg = Release|Any CPU
		{A2DC47DD-3F53-4C84-9F62-EB47B2D7A226}.Release|x86.Build.0 = Release|Any CPU
		{EF733BD9-9E7D-49A9-82F6-3238DD6BF9BA}.Debug|Any CPU.ActiveCfg = Debug|Any CPU
		{EF733BD9-9E7D-49A9-82F6-3238DD6BF9BA}.Debug|Any CPU.Build.0 = Debug|Any CPU
		{EF733BD9-9E7D-49A9-82F6-3238DD6BF9BA}.Debug|x64.ActiveCfg = Debug|Any CPU
		{EF733BD9-9E7D-49A9-82F6-3238DD6BF9BA}.Debug|x64.Build.0 = Debug|Any CPU
		{EF733BD9-9E7D-49A9-82F6-3238DD6BF9BA}.Debug|x86.ActiveCfg = Debug|Any CPU
		{EF733BD9-9E7D-49A9-82F6-3238DD6BF9BA}.Debug|x86.Build.0 = Debug|Any CPU
		{EF733BD9-9E7D-49A9-82F6-3238DD6BF9BA}.Release|Any CPU.ActiveCfg = Release|Any CPU
		{EF733BD9-9E7D-49A9-82F6-3238DD6BF9BA}.Release|Any CPU.Build.0 = Release|Any CPU
		{EF733BD9-9E7D-49A9-82F6-3238DD6BF9BA}.Release|x64.ActiveCfg = Release|Any CPU
		{EF733BD9-9E7D-49A9-82F6-3238DD6BF9BA}.Release|x64.Build.0 = Release|Any CPU
		{EF733BD9-9E7D-49A9-82F6-3238DD6BF9BA}.Release|x86.ActiveCfg = Release|Any CPU
		{EF733BD9-9E7D-49A9-82F6-3238DD6BF9BA}.Release|x86.Build.0 = Release|Any CPU
		{F336512E-B48E-488F-B403-938E728D4196}.Debug|Any CPU.ActiveCfg = Debug|Any CPU
		{F336512E-B48E-488F-B403-938E728D4196}.Debug|Any CPU.Build.0 = Debug|Any CPU
		{F336512E-B48E-488F-B403-938E728D4196}.Debug|x64.ActiveCfg = Debug|Any CPU
		{F336512E-B48E-488F-B403-938E728D4196}.Debug|x64.Build.0 = Debug|Any CPU
		{F336512E-B48E-488F-B403-938E728D4196}.Debug|x86.ActiveCfg = Debug|Any CPU
		{F336512E-B48E-488F-B403-938E728D4196}.Debug|x86.Build.0 = Debug|Any CPU
		{F336512E-B48E-488F-B403-938E728D4196}.Release|Any CPU.ActiveCfg = Release|Any CPU
		{F336512E-B48E-488F-B403-938E728D4196}.Release|Any CPU.Build.0 = Release|Any CPU
		{F336512E-B48E-488F-B403-938E728D4196}.Release|x64.ActiveCfg = Release|Any CPU
		{F336512E-B48E-488F-B403-938E728D4196}.Release|x64.Build.0 = Release|Any CPU
		{F336512E-B48E-488F-B403-938E728D4196}.Release|x86.ActiveCfg = Release|Any CPU
		{F336512E-B48E-488F-B403-938E728D4196}.Release|x86.Build.0 = Release|Any CPU
	EndGlobalSection
	GlobalSection(SolutionProperties) = preSolution
		HideSolutionNode = FALSE
	EndGlobalSection
	GlobalSection(NestedProjects) = preSolution
		{384FA046-0073-4175-9E1D-E9F3069BAA86} = {FCA91653-13F1-4192-8DC0-A86161D46C7C}
		{B53322BB-EB33-4043-BF8E-CBE3B73CBBEC} = {FCA91653-13F1-4192-8DC0-A86161D46C7C}
		{A2DC47DD-3F53-4C84-9F62-EB47B2D7A226} = {FCA91653-13F1-4192-8DC0-A86161D46C7C}
		{EF733BD9-9E7D-49A9-82F6-3238DD6BF9BA} = {544E4130-9812-46D3-9797-EB813AFBF101}
		{F336512E-B48E-488F-B403-938E728D4196} = {544E4130-9812-46D3-9797-EB813AFBF101}
	EndGlobalSection
	GlobalSection(ExtensibilityGlobals) = postSolution
		SolutionGuid = {D0EDE592-0761-4D51-BA88-4081502E7947}
	EndGlobalSection
EndGlobal
