
Microsoft Visual Studio Solution File, Format Version 12.00
# Visual Studio 15
VisualStudioVersion = 15.0.27428.2037
MinimumVisualStudioVersion = 10.0.40219.1
Project("{9A19103F-16F7-4668-BE54-9A1E7A4F7556}") = "LottoArchive.WebApi", "LottoArchive.WebApi\LottoArchive.WebApi.csproj", "{FB009BBC-63A9-4BF1-96FF-F7E68EB55289}"
EndProject
Project("{FAE04EC0-301F-11D3-BF4B-00C04F79EFBC}") = "LottoArchive.WebApi.Tests.Unit", "LottoArchive.WebApi.Tests.Unit\LottoArchive.WebApi.Tests.Unit.csproj", "{FC878645-A961-41B5-B1F4-6A41BA5F16BE}"
EndProject
Global
	GlobalSection(SolutionConfigurationPlatforms) = preSolution
		Debug|Any CPU = Debug|Any CPU
		Release|Any CPU = Release|Any CPU
	EndGlobalSection
	GlobalSection(ProjectConfigurationPlatforms) = postSolution
		{FB009BBC-63A9-4BF1-96FF-F7E68EB55289}.Debug|Any CPU.ActiveCfg = Debug|Any CPU
		{FB009BBC-63A9-4BF1-96FF-F7E68EB55289}.Debug|Any CPU.Build.0 = Debug|Any CPU
		{FB009BBC-63A9-4BF1-96FF-F7E68EB55289}.Release|Any CPU.ActiveCfg = Release|Any CPU
		{FB009BBC-63A9-4BF1-96FF-F7E68EB55289}.Release|Any CPU.Build.0 = Release|Any CPU
		{FC878645-A961-41B5-B1F4-6A41BA5F16BE}.Debug|Any CPU.ActiveCfg = Debug|Any CPU
		{FC878645-A961-41B5-B1F4-6A41BA5F16BE}.Debug|Any CPU.Build.0 = Debug|Any CPU
		{FC878645-A961-41B5-B1F4-6A41BA5F16BE}.Release|Any CPU.ActiveCfg = Release|Any CPU
		{FC878645-A961-41B5-B1F4-6A41BA5F16BE}.Release|Any CPU.Build.0 = Release|Any CPU
	EndGlobalSection
	GlobalSection(SolutionProperties) = preSolution
		HideSolutionNode = FALSE
	EndGlobalSection
	GlobalSection(ExtensibilityGlobals) = postSolution
		SolutionGuid = {68C8A101-5F5C-4026-833B-16DB2D6348DD}
	EndGlobalSection
EndGlobal
